{
  "name": "ember-scoped-css",
  "version": "0.7.0",
  "lockfileVersion": 2,
  "requires": true,
  "packages": {
    "": {
      "name": "ember-scoped-css",
      "version": "0.7.0",
      "license": "ISC",
      "dependencies": {
        "blueimp-md5": "^2.19.0",
        "ember-template-imports": "^3.4.1"
      },
      "devDependencies": {
        "chai": "^4.3.7",
        "mocha": "^10.2.0",
        "sinon": "^15.0.1"
      }
    },
    "../node_modules/.pnpm/blueimp-md5@2.19.0/node_modules/blueimp-md5": {
      "version": "2.19.0",
      "license": "MIT",
      "devDependencies": {
        "chai": "4",
        "eslint": "7",
        "eslint-config-blueimp": "2",
        "eslint-config-prettier": "8",
        "eslint-plugin-jsdoc": "36",
        "eslint-plugin-prettier": "4",
        "mocha": "9",
        "prettier": "2",
        "uglify-js": "3"
      }
    },
    "../node_modules/.pnpm/chai@4.3.7/node_modules/chai": {
      "version": "4.3.7",
      "dev": true,
      "license": "MIT",
      "dependencies": {
        "assertion-error": "^1.1.0",
        "check-error": "^1.0.2",
        "deep-eql": "^4.1.2",
        "get-func-name": "^2.0.0",
        "loupe": "^2.3.1",
        "pathval": "^1.1.1",
        "type-detect": "^4.0.5"
      },
      "devDependencies": {
        "browserify": "^16.2.3",
        "bump-cli": "^1.1.3",
        "codecov": "^3.0.0",
        "istanbul": "^0.4.3",
        "karma": "^6.1.1",
        "karma-chrome-launcher": "^2.2.0",
        "karma-firefox-launcher": "^1.0.0",
        "karma-mocha": "^2.0.1",
        "karma-sauce-launcher": "^1.2.0",
        "mocha": "^7.1.2"
      },
      "engines": {
        "node": ">=4"
      }
    },
    "../node_modules/.pnpm/ember-template-imports@3.4.1/node_modules/ember-template-imports": {
      "version": "3.4.1",
      "license": "MIT",
      "dependencies": {
        "babel-import-util": "^0.2.0",
        "broccoli-stew": "^3.0.0",
        "ember-cli-babel-plugin-helpers": "^1.1.1",
        "ember-cli-version-checker": "^5.1.2",
        "line-column": "^1.0.2",
        "magic-string": "^0.25.7",
        "parse-static-imports": "^1.1.0",
        "string.prototype.matchall": "^4.0.6",
        "validate-peer-dependencies": "^1.1.0"
      },
      "devDependencies": {
        "@babel/traverse": "^7.19.6",
        "@babel/types": "^7.19.4",
        "@ember/optional-features": "^2.0.0",
        "@ember/test-helpers": "^2.2.0",
        "@embroider/test-setup": "^1.8.3",
        "@glimmer/component": "^1.0.3",
        "@glimmer/syntax": "0.77.6",
        "@glimmer/tracking": "^1.0.3",
        "@types/jest": "^27.4.1",
        "@types/line-column": "^1.0.0",
        "@types/string.prototype.matchall": "^4.0.1",
        "@typescript-eslint/eslint-plugin": "^5.5.0",
        "@typescript-eslint/parser": "^5.5.0",
        "babel-eslint": "^10.1.0",
        "broccoli-asset-rev": "^3.0.0",
        "ember-auto-import": "^2.2.4",
        "ember-cli": "~3.25.0",
        "ember-cli-babel": "^7.26.6",
        "ember-cli-dependency-checker": "^3.2.0",
        "ember-cli-htmlbars": "^6.0.0",
        "ember-cli-inject-live-reload": "^2.0.2",
        "ember-cli-sri": "^2.1.1",
        "ember-cli-terser": "^4.0.1",
        "ember-disable-prototype-extensions": "^1.1.3",
        "ember-export-application-global": "^2.0.1",
        "ember-load-initializers": "^2.1.2",
        "ember-maybe-import-regenerator": "^1.0.0",
        "ember-page-title": "^6.2.1",
        "ember-qunit": "^5.1.2",
        "ember-resolver": "^8.0.2",
        "ember-source": "~4.8.2",
        "ember-source-channel-url": "^3.0.0",
        "ember-template-lint": "^2.18.1",
        "ember-try": "^1.4.0",
        "eslint": "^7.20.0",
        "eslint-config-prettier": "^7.2.0",
        "eslint-plugin-ember": "^10.2.0",
        "eslint-plugin-node": "^11.1.0",
        "eslint-plugin-prettier": "^4.2.1",
        "jest": "^27.0.0",
        "loader.js": "^4.7.0",
        "npm-run-all": "^4.1.5",
        "prettier": "^2.2.1",
        "qunit": "^2.14.0",
        "qunit-dom": "^2.0.0",
        "release-it": "^14.2.1",
        "release-it-lerna-changelog": "^3.1.0",
        "ts-jest": "^27.1.4",
        "typescript": "^4.5.2",
        "webpack": "^5.64.4"
      },
      "engines": {
        "node": "12.* || >= 14"
      }
    },
    "../node_modules/.pnpm/mocha@10.2.0/node_modules/mocha": {
      "version": "10.2.0",
      "dev": true,
      "license": "MIT",
      "dependencies": {
        "ansi-colors": "4.1.1",
        "browser-stdout": "1.3.1",
        "chokidar": "3.5.3",
        "debug": "4.3.4",
        "diff": "5.0.0",
        "escape-string-regexp": "4.0.0",
        "find-up": "5.0.0",
        "glob": "7.2.0",
        "he": "1.2.0",
        "js-yaml": "4.1.0",
        "log-symbols": "4.1.0",
        "minimatch": "5.0.1",
        "ms": "2.1.3",
        "nanoid": "3.3.3",
        "serialize-javascript": "6.0.0",
        "strip-json-comments": "3.1.1",
        "supports-color": "8.1.1",
        "workerpool": "6.2.1",
        "yargs": "16.2.0",
        "yargs-parser": "20.2.4",
        "yargs-unparser": "2.0.0"
      },
      "bin": {
        "_mocha": "bin/_mocha",
        "mocha": "bin/mocha.js"
      },
      "devDependencies": {
        "@11ty/eleventy": "^1.0.0",
        "@11ty/eleventy-plugin-inclusive-language": "^1.0.3",
        "@babel/eslint-parser": "^7.19.1",
        "@mocha/docdash": "^4.0.1",
        "@rollup/plugin-commonjs": "^21.0.2",
        "@rollup/plugin-json": "^4.1.0",
        "@rollup/plugin-multi-entry": "^4.0.1",
        "@rollup/plugin-node-resolve": "^13.1.3",
        "assetgraph-builder": "^9.0.0",
        "autoprefixer": "^9.8.6",
        "canvas": "^2.9.0",
        "chai": "^4.3.4",
        "coffeescript": "^2.6.1",
        "coveralls": "^3.1.1",
        "cross-env": "^7.0.2",
        "eslint": "^8.24.0",
        "eslint-config-prettier": "^8.3.0",
        "eslint-config-semistandard": "^17.0.0",
        "eslint-config-standard": "^17.0.0",
        "eslint-plugin-import": "^2.24.2",
        "eslint-plugin-node": "^11.1.0",
        "eslint-plugin-prettier": "^4.2.1",
        "eslint-plugin-promise": "^6.0.1",
        "fail-on-errors-webpack-plugin": "^3.0.0",
        "fs-extra": "^10.0.0",
        "husky": "^4.2.5",
        "hyperlink": "^5.0.4",
        "jsdoc": "^3.6.7",
        "jsdoc-ts-utils": "^2.0.1",
        "karma": "^6.3.11",
        "karma-chrome-launcher": "^3.1.0",
        "karma-mocha": "^2.0.1",
        "karma-mocha-reporter": "^2.2.5",
        "karma-sauce-launcher": "^4.3.6",
        "lint-staged": "^10.2.11",
        "markdown-it": "^12.3.2",
        "markdown-it-anchor": "^8.4.1",
        "markdown-it-attrs": "^4.1.3",
        "markdown-it-emoji": "^2.0.0",
        "markdown-it-prism": "^2.2.2",
        "markdown-toc": "^1.2.0",
        "markdownlint-cli": "^0.30.0",
        "needle": "^2.5.0",
        "nps": "^5.10.0",
        "nyc": "^15.1.0",
        "pidtree": "^0.5.0",
        "prettier": "^2.4.1",
        "remark": "^14.0.2",
        "remark-github": "^11.2.2",
        "remark-inline-links": "^6.0.1",
        "rewiremock": "^3.14.3",
        "rimraf": "^3.0.2",
        "rollup": "^2.70.1",
        "rollup-plugin-node-globals": "^1.4.0",
        "rollup-plugin-polyfill-node": "^0.8.0",
        "rollup-plugin-visualizer": "^5.6.0",
        "sinon": "^9.0.3",
        "strip-ansi": "^6.0.0",
        "svgo": "^1.3.2",
        "touch": "^3.1.0",
        "unexpected": "^11.14.0",
        "unexpected-eventemitter": "^2.2.0",
        "unexpected-map": "^2.0.0",
        "unexpected-set": "^3.0.0",
        "unexpected-sinon": "^10.11.2",
        "update-notifier": "^4.1.0",
        "uslug": "^1.0.4",
        "uuid": "^8.3.0",
        "webpack": "^5.67.0",
        "webpack-cli": "^4.9.1"
      },
      "engines": {
        "node": ">= 14.0.0"
      },
      "funding": {
        "type": "opencollective",
        "url": "https://opencollective.com/mochajs"
      }
    },
    "../node_modules/.pnpm/sinon@15.0.1/node_modules/sinon": {
      "version": "15.0.1",
      "dev": true,
      "license": "BSD-3-Clause",
      "dependencies": {
        "@sinonjs/commons": "^2.0.0",
        "@sinonjs/fake-timers": "10.0.2",
        "@sinonjs/samsam": "^7.0.1",
        "diff": "^5.0.0",
        "nise": "^5.1.2",
        "supports-color": "^7.2.0"
      },
      "devDependencies": {
        "@babel/core": "^7.16.12",
        "@sinonjs/eslint-config": "^4.0.5",
        "@sinonjs/eslint-plugin-no-prototype-methods": "^0.1.1",
        "@sinonjs/referee": "^9.1.1",
        "@studio/changes": "^2.2.0",
        "babel-plugin-istanbul": "^6.1.1",
        "babelify": "^10.0.0",
        "browserify": "^16.5.2",
        "debug": "^4.3.1",
        "dependency-check": "^4.1.0",
        "husky": "^6.0.0",
        "lint-staged": "^12.3.2",
        "mocha": "^9.2.0",
        "mochify": "^9.1.0",
        "nyc": "^15.1.0",
        "prettier": "^2.5.1",
        "proxyquire": "^2.1.3",
        "proxyquire-universal": "^3.0.1",
        "proxyquireify": "^3.2.1",
        "puppeteer": "^13.1.2",
        "rimraf": "^3.0.2",
        "semver": "^7.3.5",
        "shelljs": "^0.8.4",
        "unimported": "^1.20.0"
      },
      "funding": {
        "type": "opencollective",
        "url": "https://opencollective.com/sinon"
      }
    },
    "node_modules/blueimp-md5": {
      "resolved": "../node_modules/.pnpm/blueimp-md5@2.19.0/node_modules/blueimp-md5",
      "link": true
    },
    "node_modules/chai": {
      "resolved": "../node_modules/.pnpm/chai@4.3.7/node_modules/chai",
      "link": true
    },
    "node_modules/ember-template-imports": {
      "resolved": "../node_modules/.pnpm/ember-template-imports@3.4.1/node_modules/ember-template-imports",
      "link": true
    },
    "node_modules/mocha": {
      "resolved": "../node_modules/.pnpm/mocha@10.2.0/node_modules/mocha",
      "link": true
    },
    "node_modules/sinon": {
      "resolved": "../node_modules/.pnpm/sinon@15.0.1/node_modules/sinon",
      "link": true
    }
  },
  "dependencies": {
    "blueimp-md5": {
      "version": "file:../node_modules/.pnpm/blueimp-md5@2.19.0/node_modules/blueimp-md5",
      "requires": {
        "chai": "4",
        "eslint": "7",
        "eslint-config-blueimp": "2",
        "eslint-config-prettier": "8",
        "eslint-plugin-jsdoc": "36",
        "eslint-plugin-prettier": "4",
        "mocha": "9",
        "prettier": "2",
        "uglify-js": "3"
      }
    },
    "chai": {
      "version": "file:../node_modules/.pnpm/chai@4.3.7/node_modules/chai",
      "requires": {
        "assertion-error": "^1.1.0",
        "browserify": "^16.2.3",
        "bump-cli": "^1.1.3",
        "check-error": "^1.0.2",
        "codecov": "^3.0.0",
        "deep-eql": "^4.1.2",
        "get-func-name": "^2.0.0",
        "istanbul": "^0.4.3",
        "karma": "^6.1.1",
        "karma-chrome-launcher": "^2.2.0",
        "karma-firefox-launcher": "^1.0.0",
        "karma-mocha": "^2.0.1",
        "karma-sauce-launcher": "^1.2.0",
        "loupe": "^2.3.1",
        "mocha": "^7.1.2",
        "pathval": "^1.1.1",
        "type-detect": "^4.0.5"
      }
    },
    "ember-template-imports": {
      "version": "file:../node_modules/.pnpm/ember-template-imports@3.4.1/node_modules/ember-template-imports",
      "requires": {
        "@babel/traverse": "^7.19.6",
        "@babel/types": "^7.19.4",
        "@ember/optional-features": "^2.0.0",
        "@ember/test-helpers": "^2.2.0",
        "@embroider/test-setup": "^1.8.3",
        "@glimmer/component": "^1.0.3",
        "@glimmer/syntax": "0.77.6",
        "@glimmer/tracking": "^1.0.3",
        "@types/jest": "^27.4.1",
        "@types/line-column": "^1.0.0",
        "@types/string.prototype.matchall": "^4.0.1",
        "@typescript-eslint/eslint-plugin": "^5.5.0",
        "@typescript-eslint/parser": "^5.5.0",
        "babel-eslint": "^10.1.0",
        "babel-import-util": "^0.2.0",
        "broccoli-asset-rev": "^3.0.0",
        "broccoli-stew": "^3.0.0",
        "ember-auto-import": "^2.2.4",
        "ember-cli": "~3.25.0",
        "ember-cli-babel": "^7.26.6",
        "ember-cli-babel-plugin-helpers": "^1.1.1",
        "ember-cli-dependency-checker": "^3.2.0",
        "ember-cli-htmlbars": "^6.0.0",
        "ember-cli-inject-live-reload": "^2.0.2",
        "ember-cli-sri": "^2.1.1",
        "ember-cli-terser": "^4.0.1",
        "ember-cli-version-checker": "^5.1.2",
        "ember-disable-prototype-extensions": "^1.1.3",
        "ember-export-application-global": "^2.0.1",
        "ember-load-initializers": "^2.1.2",
        "ember-maybe-import-regenerator": "^1.0.0",
        "ember-page-title": "^6.2.1",
        "ember-qunit": "^5.1.2",
        "ember-resolver": "^8.0.2",
        "ember-source": "~4.8.2",
        "ember-source-channel-url": "^3.0.0",
        "ember-template-lint": "^2.18.1",
        "ember-try": "^1.4.0",
        "eslint": "^7.20.0",
        "eslint-config-prettier": "^7.2.0",
        "eslint-plugin-ember": "^10.2.0",
        "eslint-plugin-node": "^11.1.0",
        "eslint-plugin-prettier": "^4.2.1",
        "jest": "^27.0.0",
        "line-column": "^1.0.2",
        "loader.js": "^4.7.0",
        "magic-string": "^0.25.7",
        "npm-run-all": "^4.1.5",
        "parse-static-imports": "^1.1.0",
        "prettier": "^2.2.1",
        "qunit": "^2.14.0",
        "qunit-dom": "^2.0.0",
        "release-it": "^14.2.1",
        "release-it-lerna-changelog": "^3.1.0",
        "string.prototype.matchall": "^4.0.6",
        "ts-jest": "^27.1.4",
        "typescript": "^4.5.2",
        "validate-peer-dependencies": "^1.1.0",
        "webpack": "^5.64.4"
      }
    },
    "mocha": {
      "version": "file:../node_modules/.pnpm/mocha@10.2.0/node_modules/mocha",
      "requires": {
        "@11ty/eleventy": "^1.0.0",
        "@11ty/eleventy-plugin-inclusive-language": "^1.0.3",
        "@babel/eslint-parser": "^7.19.1",
        "@mocha/docdash": "^4.0.1",
        "@rollup/plugin-commonjs": "^21.0.2",
        "@rollup/plugin-json": "^4.1.0",
        "@rollup/plugin-multi-entry": "^4.0.1",
        "@rollup/plugin-node-resolve": "^13.1.3",
        "ansi-colors": "4.1.1",
        "assetgraph-builder": "^9.0.0",
        "autoprefixer": "^9.8.6",
        "browser-stdout": "1.3.1",
        "canvas": "^2.9.0",
        "chai": "^4.3.4",
        "chokidar": "3.5.3",
        "coffeescript": "^2.6.1",
        "coveralls": "^3.1.1",
        "cross-env": "^7.0.2",
        "debug": "4.3.4",
        "diff": "5.0.0",
        "escape-string-regexp": "4.0.0",
        "eslint": "^8.24.0",
        "eslint-config-prettier": "^8.3.0",
        "eslint-config-semistandard": "^17.0.0",
        "eslint-config-standard": "^17.0.0",
        "eslint-plugin-import": "^2.24.2",
        "eslint-plugin-node": "^11.1.0",
        "eslint-plugin-prettier": "^4.2.1",
        "eslint-plugin-promise": "^6.0.1",
        "fail-on-errors-webpack-plugin": "^3.0.0",
        "find-up": "5.0.0",
        "fs-extra": "^10.0.0",
        "glob": "7.2.0",
        "he": "1.2.0",
        "husky": "^4.2.5",
        "hyperlink": "^5.0.4",
        "js-yaml": "4.1.0",
        "jsdoc": "^3.6.7",
        "jsdoc-ts-utils": "^2.0.1",
        "karma": "^6.3.11",
        "karma-chrome-launcher": "^3.1.0",
        "karma-mocha": "^2.0.1",
        "karma-mocha-reporter": "^2.2.5",
        "karma-sauce-launcher": "^4.3.6",
        "lint-staged": "^10.2.11",
        "log-symbols": "4.1.0",
        "markdown-it": "^12.3.2",
        "markdown-it-anchor": "^8.4.1",
        "markdown-it-attrs": "^4.1.3",
        "markdown-it-emoji": "^2.0.0",
        "markdown-it-prism": "^2.2.2",
        "markdown-toc": "^1.2.0",
        "markdownlint-cli": "^0.30.0",
        "minimatch": "5.0.1",
        "ms": "2.1.3",
        "nanoid": "3.3.3",
        "needle": "^2.5.0",
        "nps": "^5.10.0",
        "nyc": "^15.1.0",
        "pidtree": "^0.5.0",
        "prettier": "^2.4.1",
        "remark": "^14.0.2",
        "remark-github": "^11.2.2",
        "remark-inline-links": "^6.0.1",
        "rewiremock": "^3.14.3",
        "rimraf": "^3.0.2",
        "rollup": "^2.70.1",
        "rollup-plugin-node-globals": "^1.4.0",
        "rollup-plugin-polyfill-node": "^0.8.0",
        "rollup-plugin-visualizer": "^5.6.0",
        "serialize-javascript": "6.0.0",
        "sinon": "^9.0.3",
        "strip-ansi": "^6.0.0",
        "strip-json-comments": "3.1.1",
        "supports-color": "8.1.1",
        "svgo": "^1.3.2",
        "touch": "^3.1.0",
        "unexpected": "^11.14.0",
        "unexpected-eventemitter": "^2.2.0",
        "unexpected-map": "^2.0.0",
        "unexpected-set": "^3.0.0",
        "unexpected-sinon": "^10.11.2",
        "update-notifier": "^4.1.0",
        "uslug": "^1.0.4",
        "uuid": "^8.3.0",
        "webpack": "^5.67.0",
        "webpack-cli": "^4.9.1",
        "workerpool": "6.2.1",
        "yargs": "16.2.0",
        "yargs-parser": "20.2.4",
        "yargs-unparser": "2.0.0"
      }
    },
    "sinon": {
      "version": "file:../node_modules/.pnpm/sinon@15.0.1/node_modules/sinon",
      "requires": {
        "@babel/core": "^7.16.12",
        "@sinonjs/commons": "^2.0.0",
        "@sinonjs/eslint-config": "^4.0.5",
        "@sinonjs/eslint-plugin-no-prototype-methods": "^0.1.1",
        "@sinonjs/fake-timers": "10.0.2",
        "@sinonjs/referee": "^9.1.1",
        "@sinonjs/samsam": "^7.0.1",
        "@studio/changes": "^2.2.0",
        "babel-plugin-istanbul": "^6.1.1",
        "babelify": "^10.0.0",
        "browserify": "^16.5.2",
        "debug": "^4.3.1",
        "dependency-check": "^4.1.0",
        "diff": "^5.0.0",
        "husky": "^6.0.0",
        "lint-staged": "^12.3.2",
        "mocha": "^9.2.0",
        "mochify": "^9.1.0",
        "nise": "^5.1.2",
        "nyc": "^15.1.0",
        "prettier": "^2.5.1",
        "proxyquire": "^2.1.3",
        "proxyquire-universal": "^3.0.1",
        "proxyquireify": "^3.2.1",
        "puppeteer": "^13.1.2",
        "rimraf": "^3.0.2",
        "semver": "^7.3.5",
        "shelljs": "^0.8.4",
        "supports-color": "^7.2.0",
        "unimported": "^1.20.0"
      }
    }
  }
}
